version = 1
revision = 3
requires-python = ">=3.13"
resolution-markers = [
    "python_full_version >= '3.14'",
    "python_full_version < '3.14'",
]

[[package]]
name = "anyio"
version = "4.13.0"
source = { registry = "https://pypi.org/simple" }
dependencies = [
    { name = "idna" },
]
sdist = { url = "https://files.pythonhosted.org/packages/19/14/2c5dd9f512b66549ae92767a9c7b330ae88e1932ca57876909410251fe13/anyio-4.13.0.tar.gz", hash = "sha256:334b70e641fd2221c1505b3890c69882fe4a2df910cba14d97019b90b24439dc", size = 231622, upload-time = "2026-03-24T12:59:09.671Z" }
wheels = [
    { url = "https://files.pythonhosted.org/packages/da/42/e921fccf5015463e32a3cf6ee7f980a6ed0f395ceeaa45060b61d86486c2/anyio-4.13.0-py3-none-any.whl", hash = "sha256:08b310f9e24a9594186fd75b4f73f4a4152069e3853f1ed8bfbf58369f4ad708", size = 114353, upload-time = "2026-03-24T12:59:08.246Z" },
]

[[package]]
name = "calculator-bot"
version = "0.1.0"
source = { virtual = "." }
dependencies = [
    { name = "numexpr" },
    { name = "python-dotenv" },
    { name = "python-telegram-bot" },
]

[package.metadata]
requires-dist = [
    { name = "numexpr", specifier = ">=2.14.1" },
    { name = "python-dotenv", specifier = ">=1.2.2" },
    { name = "python-telegram-bot", specifier = ">=22.7" },
]

[[package]]
name = "certifi"
version = "2026.4.22"
source = { registry = "https://pypi.org/simple" }
sdist = { url = "https://files.pythonhosted.org/packages/25/ee/6caf7a40c36a1220410afe15a1cc64993a1f864871f698c0f93acb72842a/certifi-2026.4.22.tar.gz", hash = "sha256:8d455352a37b71bf76a79caa83a3d6c25afee4a385d632127b6afb3963f1c580", size = 137077, upload-time = "2026-04-22T11:26:11.191Z" }
wheels = [
    { url = "https://files.pythonhosted.org/packages/22/30/7cd8fdcdfbc5b869528b079bfb76dcdf6056b1a2097a662e5e8c04f42965/certifi-2026.4.22-py3-none-any.whl", hash = "sha256:3cb2210c8f88ba2318d29b0388d1023c8492ff72ecdde4ebdaddbb13a31b1c4a", size = 135707, upload-time = "2026-04-22T11:26:09.372Z" },
]

[[package]]
name = "h11"
version = "0.16.0"
source = { registry = "https://pypi.org/simple" }
sdist = { url = "https://files.pythonhosted.org/packages/01/ee/02a2c011bdab74c6fb3c75474d40b3052059d95df7e73351460c8588d963/h11-0.16.0.tar.gz", hash = "sha256:4e35b956cf45792e4caa5885e69fba00bdbc6ffafbfa020300e549b208ee5ff1", size = 101250, upload-time = "2025-04-24T03:35:25.427Z" }
wheels = [
    { url = "https://files.pythonhosted.org/packages/04/4b/29cac41a4d98d144bf5f6d33995617b185d14b22401f75ca86f384e87ff1/h11-0.16.0-py3-none-any.whl", hash = "sha256:63cf8bbe7522de3bf65932fda1d9c2772064ffb3dae62d55932da54b31cb6c86", size = 37515, upload-time = "2025-04-24T03:35:24.344Z" },
]

[[package]]
name = "httpcore"
version = "1.0.9"
source = { registry = "https://pypi.org/simple" }
dependencies = [
    { name = "certifi" },
    { name = "h11" },
]
sdist = { url = "https://files.pythonhosted.org/packages/06/94/82699a10bca87a5556c9c59b5963f2d039dbd239f25bc2a63907a05a14cb/httpcore-1.0.9.tar.gz", hash = "sha256:6e34463af53fd2ab5d807f399a9b45ea31c3dfa2276f15a2c3f00afff6e176e8", size = 85484, upload-time = "2025-04-24T22:06:22.219Z" }
wheels = [
    { url = "https://files.pythonhosted.org/packages/7e/f5/f66802a942d491edb555dd61e3a9961140fd64c90bce1eafd741609d334d/httpcore-1.0.9-py3-none-any.whl", hash = "sha256:2d400746a40668fc9dec9810239072b40b4484b640a8c38fd654a024c7a1bf55", size = 78784, upload-time = "2025-04-24T22:06:20.566Z" },
]

[[package]]
name = "httpx"
version = "0.28.1"
source = { registry = "https://pypi.org/simple" }
dependencies = [
    { name = "anyio" },
    { name = "certifi" },
    { name = "httpcore" },
    { name = "idna" },
]
sdist = { url = "https://files.pythonhosted.org/packages/b1/df/48c586a5fe32a0f01324ee087459e112ebb7224f646c0b5023f5e79e9956/httpx-0.28.1.tar.gz", hash = "sha256:75e98c5f16b0f35b567856f597f06ff2270a374470a5c2392242528e3e3e42fc", size = 141406, upload-time = "2024-12-06T15:37:23.222Z" }
wheels = [
    { url = "https://files.pythonhosted.org/packages/2a/39/e50c7c3a983047577ee07d2a9e53faf5a69493943ec3f6a384bdc792deb2/httpx-0.28.1-py3-none-any.whl", hash = "sha256:d909fcccc110f8c7faf814ca82a9a4d816bc5a6dbfea25d6591d6985b8ba59ad", size = 73517, upload-time = "2024-12-06T15:37:21.509Z" },
]

[[package]]
name = "idna"
version = "3.13"
source = { registry = "https://pypi.org/simple" }
sdist = { url = "https://files.pythonhosted.org/packages/ce/cc/762dfb036166873f0059f3b7de4565e1b5bc3d6f28a414c13da27e442f99/idna-3.13.tar.gz", hash = "sha256:585ea8fe5d69b9181ec1afba340451fba6ba764af97026f92a91d4eef164a242", size = 194210, upload-time = "2026-04-22T16:42:42.314Z" }
wheels = [
    { url = "https://files.pythonhosted.org/packages/5d/13/ad7d7ca3808a898b4612b6fe93cde56b53f3034dcde235acb1f0e1df24c6/idna-3.13-py3-none-any.whl", hash = "sha256:892ea0cde124a99ce773decba204c5552b69c3c67ffd5f232eb7696135bc8bb3", size = 68629, upload-time = "2026-04-22T16:42:40.909Z" },
]

[[package]]
name = "numexpr"
version = "2.14.1"
source = { registry = "https://pypi.org/simple" }
dependencies = [
    { name = "numpy" },
]
sdist = { url = "https://files.pythonhosted.org/packages/cb/2f/fdba158c9dbe5caca9c3eca3eaffffb251f2fb8674bf8e2d0aed5f38d319/numexpr-2.14.1.tar.gz", hash = "sha256:4be00b1086c7b7a5c32e31558122b7b80243fe098579b170967da83f3152b48b", size = 119400, upload-time = "2025-10-13T16:17:27.351Z" }
wheels = [
    { url = "https://files.pythonhosted.org/packages/73/b4/9f6d637fd79df42be1be29ee7ba1f050fab63b7182cb922a0e08adc12320/numexpr-2.14.1-cp313-cp313-macosx_10_13_x86_64.whl", hash = "sha256:09078ba73cffe94745abfbcc2d81ab8b4b4e9d7bfbbde6cac2ee5dbf38eee222", size = 162794, upload-time = "2025-10-13T16:16:38.291Z" },
    { url = "https://files.pythonhosted.org/packages/35/ae/d58558d8043de0c49f385ea2fa789e3cfe4d436c96be80200c5292f45f15/numexpr-2.14.1-cp313-cp313-macosx_11_0_arm64.whl", hash = "sha256:dce0b5a0447baa7b44bc218ec2d7dcd175b8eee6083605293349c0c1d9b82fb6", size = 152203, upload-time = "2025-10-13T16:16:39.907Z" },
    { url = "https://files.pythonhosted.org/packages/13/65/72b065f9c75baf8f474fd5d2b768350935989d4917db1c6c75b866d4067c/numexpr-2.14.1-cp313-cp313-manylinux_2_27_aarch64.manylinux_2_28_aarch64.whl", hash = "sha256:06855053de7a3a8425429bd996e8ae3c50b57637ad3e757e0fa0602a7874be30", size = 455860, upload-time = "2025-10-13T16:13:35.811Z" },
    { url = "https://files.pythonhosted.org/packages/fc/f9/c9457652dfe28e2eb898372da2fe786c6db81af9540c0f853ee04a0699cc/numexpr-2.14.1-cp313-cp313-manylinux_2_27_x86_64.manylinux_2_28_x86_64.whl", hash = "sha256:05f9366d23a2e991fd5a8b5e61a17558f028ba86158a4552f8f239b005cdf83c", size = 446574, upload-time = "2025-10-13T16:15:17.367Z" },
    { url = "https://files.pythonhosted.org/packages/b6/99/8d3879c4d67d3db5560cf2de65ce1778b80b75f6fa415eb5c3e7bd37ba27/numexpr-2.14.1-cp313-cp313-musllinux_1_2_aarch64.whl", hash = "sha256:c5f1b1605695778896534dfc6e130d54a65cd52be7ed2cd0cfee3981fd676bf5", size = 1417306, upload-time = "2025-10-13T16:13:42.813Z" },
    { url = "https://files.pythonhosted.org/packages/ea/05/6bddac9f18598ba94281e27a6943093f7d0976544b0cb5d92272c64719bd/numexpr-2.14.1-cp313-cp313-musllinux_1_2_x86_64.whl", hash = "sha256:a4ba71db47ea99c659d88ee6233fa77b6dc83392f1d324e0c90ddf617ae3f421", size = 1466145, upload-time = "2025-10-13T16:15:27.464Z" },
    { url = "https://files.pythonhosted.org/packages/24/5d/cbeb67aca0c5a76ead13df7e8bd8dd5e0d49145f90da697ba1d9f07005b0/numexpr-2.14.1-cp313-cp313-win32.whl", hash = "sha256:638dce8320f4a1483d5ca4fda69f60a70ed7e66be6e68bc23fb9f1a6b78a9e3b", size = 166996, upload-time = "2025-10-13T16:17:13.803Z" },
    { url = "https://files.pythonhosted.org/packages/cc/23/9281bceaeb282cead95f0aa5f7f222ffc895670ea689cc1398355f6e3001/numexpr-2.14.1-cp313-cp313-win_amd64.whl", hash = "sha256:9fdcd4735121658a313f878fd31136d1bfc6a5b913219e7274e9fca9f8dac3bb", size = 160189, upload-time = "2025-10-13T16:17:15.417Z" },
    { url = "https://files.pythonhosted.org/packages/f3/76/7aac965fd93a56803cbe502aee2adcad667253ae34b0badf6c5af7908b6c/numexpr-2.14.1-cp313-cp313t-macosx_10_13_x86_64.whl", hash = "sha256:557887ad7f5d3c2a40fd7310e50597045a68e66b20a77b3f44d7bc7608523b4b", size = 163524, upload-time = "2025-10-13T16:16:42.213Z" },
    { url = "https://files.pythonhosted.org/packages/58/65/79d592d5e63fbfab3b59a60c386853d9186a44a3fa3c87ba26bdc25b6195/numexpr-2.14.1-cp313-cp313t-macosx_11_0_arm64.whl", hash = "sha256:af111c8fe6fc55d15e4c7cab11920fc50740d913636d486545b080192cd0ad73", size = 152919, upload-time = "2025-10-13T16:16:44.229Z" },
    { url = "https://files.pythonhosted.org/packages/84/78/3c8335f713d4aeb99fa758d7c62f0be1482d4947ce5b508e2052bb7aeee9/numexpr-2.14.1-cp313-cp313t-manylinux_2_27_aarch64.manylinux_2_28_aarch64.whl", hash = "sha256:33265294376e7e2ae4d264d75b798a915d2acf37b9dd2b9405e8b04f84d05cfc", size = 465972, upload-time = "2025-10-13T16:13:45.061Z" },
    { url = "https://files.pythonhosted.org/packages/35/81/9ee5f69b811e8f18746c12d6f71848617684edd3161927f95eee7a305631/numexpr-2.14.1-cp313-cp313t-manylinux_2_27_x86_64.manylinux_2_28_x86_64.whl", hash = "sha256:83647d846d3eeeb9a9255311236135286728b398d0d41d35dedb532dca807fe9", size = 456953, upload-time = "2025-10-13T16:15:31.186Z" },
    { url = "https://files.pythonhosted.org/packages/6d/39/9b8bc6e294d85cbb54a634e47b833e9f3276a8bdf7ce92aa808718a0212d/numexpr-2.14.1-cp313-cp313t-musllinux_1_2_aarch64.whl", hash = "sha256:6e575fd3ad41ddf3355d0c7ef6bd0168619dc1779a98fe46693cad5e95d25e6e", size = 1426199, upload-time = "2025-10-13T16:13:48.231Z" },
    { url = "https://files.pythonhosted.org/packages/1e/ce/0d4fcd31ab49319740d934fba1734d7dad13aa485532ca754e555ca16c8b/numexpr-2.14.1-cp313-cp313t-musllinux_1_2_x86_64.whl", hash = "sha256:67ea4771029ce818573b1998f5ca416bd255156feea017841b86176a938f7d19", size = 1474214, upload-time = "2025-10-13T16:15:38.893Z" },
    { url = "https://files.pythonhosted.org/packages/b7/47/b2a93cbdb3ba4e009728ad1b9ef1550e2655ea2c86958ebaf03b9615f275/numexpr-2.14.1-cp313-cp313t-win32.whl", hash = "sha256:15015d47d3d1487072d58c0e7682ef2eb608321e14099c39d52e2dd689483611", size = 167676, upload-time = "2025-10-13T16:17:17.351Z" },
    { url = "https://files.pythonhosted.org/packages/86/99/ee3accc589ed032eea68e12172515ed96a5568534c213ad109e1f4411df1/numexpr-2.14.1-cp313-cp313t-win_amd64.whl", hash = "sha256:94c711f6d8f17dfb4606842b403699603aa591ab9f6bf23038b488ea9cfb0f09", size = 161096, upload-time = "2025-10-13T16:17:19.174Z" },
    { url = "https://files.pythonhosted.org/packages/ac/36/9db78dfbfdfa1f8bf0872993f1a334cdd8fca5a5b6567e47dcb128bcb7c2/numexpr-2.14.1-cp314-cp314-macosx_10_13_x86_64.whl", hash = "sha256:ede79f7ff06629f599081de644546ce7324f1581c09b0ac174da88a470d39c21", size = 162848, upload-time = "2025-10-13T16:16:46.216Z" },
    { url = "https://files.pythonhosted.org/packages/13/c1/a5c78ae637402c5550e2e0ba175275d2515d432ec28af0cdc23c9b476e65/numexpr-2.14.1-cp314-cp314-macosx_11_0_arm64.whl", hash = "sha256:2eac7a5a2f70b3768c67056445d1ceb4ecd9b853c8eda9563823b551aeaa5082", size = 152270, upload-time = "2025-10-13T16:16:47.92Z" },
    { url = "https://files.pythonhosted.org/packages/9a/ed/aabd8678077848dd9a751c5558c2057839f5a09e2a176d8dfcd0850ee00e/numexpr-2.14.1-cp314-cp314-manylinux_2_27_aarch64.manylinux_2_28_aarch64.whl", hash = "sha256:5aedf38d4c0c19d3cecfe0334c3f4099fb496f54c146223d30fa930084bc8574", size = 455918, upload-time = "2025-10-13T16:13:50.338Z" },
    { url = "https://files.pythonhosted.org/packages/88/e1/3db65117f02cdefb0e5e4c440daf1c30beb45051b7f47aded25b7f4f2f34/numexpr-2.14.1-cp314-cp314-manylinux_2_27_x86_64.manylinux_2_28_x86_64.whl", hash = "sha256:439ec4d57b853792ebe5456e3160312281c3a7071ecac5532ded3278ede614de", size = 446512, upload-time = "2025-10-13T16:15:42.313Z" },
    { url = "https://files.pythonhosted.org/packages/9a/fb/7ceb9ee55b5f67e4a3e4d73d5af4c7e37e3c9f37f54bee90361b64b17e3f/numexpr-2.14.1-cp314-cp314-musllinux_1_2_aarch64.whl", hash = "sha256:e23b87f744e04e302d82ac5e2189ae20a533566aec76a46885376e20b0645bf8", size = 1417845, upload-time = "2025-10-13T16:13:53.836Z" },
    { url = "https://files.pythonhosted.org/packages/45/2d/9b5764d0eafbbb2889288f80de773791358acf6fad1a55767538d8b79599/numexpr-2.14.1-cp314-cp314-musllinux_1_2_x86_64.whl", hash = "sha256:44f84e0e5af219dbb62a081606156420815890e041b87252fbcea5df55214c4c", size = 1466211, upload-time = "2025-10-13T16:15:48.985Z" },
    { url = "https://files.pythonhosted.org/packages/5d/21/204db708eccd71aa8bc55bcad55bc0fc6c5a4e01ad78e14ee5714a749386/numexpr-2.14.1-cp314-cp314-win32.whl", hash = "sha256:1f1a5e817c534539351aa75d26088e9e1e0ef1b3a6ab484047618a652ccc4fc3", size = 168835, upload-time = "2025-10-13T16:17:20.82Z" },
    { url = "https://files.pythonhosted.org/packages/4f/3e/d83e9401a1c3449a124f7d4b3fb44084798e0d30f7c11e60712d9b94cf11/numexpr-2.14.1-cp314-cp314-win_amd64.whl", hash = "sha256:587c41509bc373dfb1fe6086ba55a73147297247bedb6d588cda69169fc412f2", size = 162608, upload-time = "2025-10-13T16:17:22.228Z" },
    { url = "https://files.pythonhosted.org/packages/7f/d6/ec947806bb57836d6379a8c8a253c2aeaa602b12fef2336bfd2462bb4ed5/numexpr-2.14.1-cp314-cp314t-macosx_10_13_x86_64.whl", hash = "sha256:ec368819502b64f190c3f71be14a304780b5935c42aae5bf22c27cc2cbba70b5", size = 163525, upload-time = "2025-10-13T16:16:50.133Z" },
    { url = "https://files.pythonhosted.org/packages/0d/77/048f30dcf661a3d52963a88c29b52b6d5ce996d38e9313a56a922451c1e0/numexpr-2.14.1-cp314-cp314t-macosx_11_0_arm64.whl", hash = "sha256:7e87f6d203ac57239de32261c941e9748f9309cbc0da6295eabd0c438b920d3a", size = 152917, upload-time = "2025-10-13T16:16:52.055Z" },
    { url = "https://files.pythonhosted.org/packages/9e/d3/956a13e628d722d649fbf2fded615134a308c082e122a48bad0e90a99ce9/numexpr-2.14.1-cp314-cp314t-manylinux_2_27_aarch64.manylinux_2_28_aarch64.whl", hash = "sha256:dd72d8c2a165fe45ea7650b16eb8cc1792a94a722022006bb97c86fe51fd2091", size = 466242, upload-time = "2025-10-13T16:13:55.795Z" },
    { url = "https://files.pythonhosted.org/packages/d6/dd/abe848678d82486940892f2cacf39e82eec790e8930d4d713d3f9191063b/numexpr-2.14.1-cp314-cp314t-manylinux_2_27_x86_64.manylinux_2_28_x86_64.whl", hash = "sha256:70d80fcb418a54ca208e9a38e58ddc425c07f66485176b261d9a67c7f2864f73", size = 457149, upload-time = "2025-10-13T16:15:52.036Z" },
    { url = "https://files.pythonhosted.org/packages/fd/bb/797b583b5fb9da5700a5708ca6eb4f889c94d81abb28de4d642c0f4b3258/numexpr-2.14.1-cp314-cp314t-musllinux_1_2_aarch64.whl", hash = "sha256:edea2f20c2040df8b54ee8ca8ebda63de9545b2112872466118e9df4d0ae99f3", size = 1426493, upload-time = "2025-10-13T16:13:59.244Z" },
    { url = "https://files.pythonhosted.org/packages/77/c4/0519ab028fdc35e3e7ee700def7f2b4631b175cd9e1202bd7966c1695c33/numexpr-2.14.1-cp314-cp314t-musllinux_1_2_x86_64.whl", hash = "sha256:790447be6879a6c51b9545f79612d24c9ea0a41d537a84e15e6a8ddef0b6268e", size = 1474413, upload-time = "2025-10-13T16:15:59.211Z" },
    { url = "https://files.pythonhosted.org/packages/d4/4a/33044878c8f4a75213cfe9c11d4c02058bb710a7a063fe14f362e8de1077/numexpr-2.14.1-cp314-cp314t-win32.whl", hash = "sha256:538961096c2300ea44240209181e31fae82759d26b51713b589332b9f2a4117e", size = 169502, upload-time = "2025-10-13T16:17:23.829Z" },
    { url = "https://files.pythonhosted.org/packages/41/a2/5a1a2c72528b429337f49911b18c302ecd36eeab00f409147e1aa4ae4519/numexpr-2.14.1-cp314-cp314t-win_amd64.whl", hash = "sha256:a40b350cd45b4446076fa11843fa32bbe07024747aeddf6d467290bf9011b392", size = 163589, upload-time = "2025-10-13T16:17:25.696Z" },
]

[[package]]
name = "numpy"
version = "2.4.4"
source = { registry = "https://pypi.org/simple" }
sdist = { url = "https://files.pythonhosted.org/packages/d7/9f/b8cef5bffa569759033adda9481211426f12f53299629b410340795c2514/numpy-2.4.4.tar.gz", hash = "sha256:2d390634c5182175533585cc89f3608a4682ccb173cc9bb940b2881c8d6f8fa0", size = 20731587, upload-time = "2026-03-29T13:22:01.298Z" }
wheels = [
    { url = "https://files.pythonhosted.org/packages/14/1d/d0a583ce4fefcc3308806a749a536c201ed6b5ad6e1322e227ee4848979d/numpy-2.4.4-cp313-cp313-macosx_10_13_x86_64.whl", hash = "sha256:08f2e31ed5e6f04b118e49821397f12767934cfdd12a1ce86a058f91e004ee50", size = 16684933, upload-time = "2026-03-29T13:19:22.47Z" },
    { url = "https://files.pythonhosted.org/packages/c1/62/2b7a48fbb745d344742c0277f01286dead15f3f68e4f359fbfcf7b48f70f/numpy-2.4.4-cp313-cp313-macosx_11_0_arm64.whl", hash = "sha256:e823b8b6edc81e747526f70f71a9c0a07ac4e7ad13020aa736bb7c9d67196115", size = 14694532, upload-time = "2026-03-29T13:19:25.581Z" },
    { url = "https://files.pythonhosted.org/packages/e5/87/499737bfba066b4a3bebff24a8f1c5b2dee410b209bc6668c9be692580f0/numpy-2.4.4-cp313-cp313-macosx_14_0_arm64.whl", hash = "sha256:4a19d9dba1a76618dd86b164d608566f393f8ec6ac7c44f0cc879011c45e65af", size = 5199661, upload-time = "2026-03-29T13:19:28.31Z" },
    { url = "https://files.pythonhosted.org/packages/cd/da/464d551604320d1491bc345efed99b4b7034143a85787aab78d5691d5a0e/numpy-2.4.4-cp313-cp313-macosx_14_0_x86_64.whl", hash = "sha256:d2a8490669bfe99a233298348acc2d824d496dee0e66e31b66a6022c2ad74a5c", size = 6547539, upload-time = "2026-03-29T13:19:30.97Z" },
    { url = "https://files.pythonhosted.org/packages/7d/90/8d23e3b0dafd024bf31bdec225b3bb5c2dbfa6912f8a53b8659f21216cbf/numpy-2.4.4-cp313-cp313-manylinux_2_27_aarch64.manylinux_2_28_aarch64.whl", hash = "sha256:45dbed2ab436a9e826e302fcdcbe9133f9b0006e5af7168afb8963a6520da103", size = 15668806, upload-time = "2026-03-29T13:19:33.887Z" },
    { url = "https://files.pythonhosted.org/packages/d1/73/a9d864e42a01896bb5974475438f16086be9ba1f0d19d0bb7a07427c4a8b/numpy-2.4.4-cp313-cp313-manylinux_2_27_x86_64.manylinux_2_28_x86_64.whl", hash = "sha256:c901b15172510173f5cb310eae652908340f8dede90fff9e3bf6c0d8dfd92f83", size = 16632682, upload-time = "2026-03-29T13:19:37.336Z" },
    { url = "https://files.pythonhosted.org/packages/34/fb/14570d65c3bde4e202a031210475ae9cde9b7686a2e7dc97ee67d2833b35/numpy-2.4.4-cp313-cp313-musllinux_1_2_aarch64.whl", hash = "sha256:99d838547ace2c4aace6c4f76e879ddfe02bb58a80c1549928477862b7a6d6ed", size = 17019810, upload-time = "2026-03-29T13:19:40.963Z" },
    { url = "https://files.pythonhosted.org/packages/8a/77/2ba9d87081fd41f6d640c83f26fb7351e536b7ce6dd9061b6af5904e8e46/numpy-2.4.4-cp313-cp313-musllinux_1_2_x86_64.whl", hash = "sha256:0aec54fd785890ecca25a6003fd9a5aed47ad607bbac5cd64f836ad8666f4959", size = 18357394, upload-time = "2026-03-29T13:19:44.859Z" },
    { url = "https://files.pythonhosted.org/packages/a2/23/52666c9a41708b0853fa3b1a12c90da38c507a3074883823126d4e9d5b30/numpy-2.4.4-cp313-cp313-win32.whl", hash = "sha256:07077278157d02f65c43b1b26a3886bce886f95d20aabd11f87932750dfb14ed", size = 5959556, upload-time = "2026-03-29T13:19:47.661Z" },
    { url = "https://files.pythonhosted.org/packages/57/fb/48649b4971cde70d817cf97a2a2fdc0b4d8308569f1dd2f2611959d2e0cf/numpy-2.4.4-cp313-cp313-win_amd64.whl", hash = "sha256:5c70f1cc1c4efbe316a572e2d8b9b9cc44e89b95f79ca3331553fbb63716e2bf", size = 12317311, upload-time = "2026-03-29T13:19:50.67Z" },
    { url = "https://files.pythonhosted.org/packages/ba/d8/11490cddd564eb4de97b4579ef6bfe6a736cc07e94c1598590ae25415e01/numpy-2.4.4-cp313-cp313-win_arm64.whl", hash = "sha256:ef4059d6e5152fa1a39f888e344c73fdc926e1b2dd58c771d67b0acfbf2aa67d", size = 10222060, upload-time = "2026-03-29T13:19:54.229Z" },
    { url = "https://files.pythonhosted.org/packages/99/5d/dab4339177a905aad3e2221c915b35202f1ec30d750dd2e5e9d9a72b804b/numpy-2.4.4-cp313-cp313t-macosx_11_0_arm64.whl", hash = "sha256:4bbc7f303d125971f60ec0aaad5e12c62d0d2c925f0ab1273debd0e4ba37aba5", size = 14822302, upload-time = "2026-03-29T13:19:57.585Z" },
    { url = "https://files.pythonhosted.org/packages/eb/e4/0564a65e7d3d97562ed6f9b0fd0fb0a6f559ee444092f105938b50043876/numpy-2.4.4-cp313-cp313t-macosx_14_0_arm64.whl", hash = "sha256:4d6d57903571f86180eb98f8f0c839fa9ebbfb031356d87f1361be91e433f5b7", size = 5327407, upload-time = "2026-03-29T13:20:00.601Z" },
    { url = "https://files.pythonhosted.org/packages/29/8d/35a3a6ce5ad371afa58b4700f1c820f8f279948cca32524e0a695b0ded83/numpy-2.4.4-cp313-cp313t-macosx_14_0_x86_64.whl", hash = "sha256:4636de7fd195197b7535f231b5de9e4b36d2c440b6e566d2e4e4746e6af0ca93", size = 6647631, upload-time = "2026-03-29T13:20:02.855Z" },
    { url = "https://files.pythonhosted.org/packages/f4/da/477731acbd5a58a946c736edfdabb2ac5b34c3d08d1ba1a7b437fa0884df/numpy-2.4.4-cp313-cp313t-manylinux_2_27_aarch64.manylinux_2_28_aarch64.whl", hash = "sha256:ad2e2ef14e0b04e544ea2fa0a36463f847f113d314aa02e5b402fdf910ef309e", size = 15727691, upload-time = "2026-03-29T13:20:06.004Z" },
    { url = "https://files.pythonhosted.org/packages/e6/db/338535d9b152beabeb511579598418ba0212ce77cf9718edd70262cc4370/numpy-2.4.4-cp313-cp313t-manylinux_2_27_x86_64.manylinux_2_28_x86_64.whl", hash = "sha256:5a285b3b96f951841799528cd1f4f01cd70e7e0204b4abebac9463eecfcf2a40", size = 16681241, upload-time = "2026-03-29T13:20:09.417Z" },
    { url = "https://files.pythonhosted.org/packages/e2/a9/ad248e8f58beb7a0219b413c9c7d8151c5d285f7f946c3e26695bdbbe2df/numpy-2.4.4-cp313-cp313t-musllinux_1_2_aarch64.whl", hash = "sha256:f8474c4241bc18b750be2abea9d7a9ec84f46ef861dbacf86a4f6e043401f79e", size = 17085767, upload-time = "2026-03-29T13:20:13.126Z" },
    { url = "https://files.pythonhosted.org/packages/b5/1a/3b88ccd3694681356f70da841630e4725a7264d6a885c8d442a697e1146b/numpy-2.4.4-cp313-cp313t-musllinux_1_2_x86_64.whl", hash = "sha256:4e874c976154687c1f71715b034739b45c7711bec81db01914770373d125e392", size = 18403169, upload-time = "2026-03-29T13:20:17.096Z" },
    { url = "https://files.pythonhosted.org/packages/c2/c9/fcfd5d0639222c6eac7f304829b04892ef51c96a75d479214d77e3ce6e33/numpy-2.4.4-cp313-cp313t-win32.whl", hash = "sha256:9c585a1790d5436a5374bac930dad6ed244c046ed91b2b2a3634eb2971d21008", size = 6083477, upload-time = "2026-03-29T13:20:20.195Z" },
    { url = "https://files.pythonhosted.org/packages/d5/e3/3938a61d1c538aaec8ed6fd6323f57b0c2d2d2219512434c5c878db76553/numpy-2.4.4-cp313-cp313t-win_amd64.whl", hash = "sha256:93e15038125dc1e5345d9b5b68aa7f996ec33b98118d18c6ca0d0b7d6198b7e8", size = 12457487, upload-time = "2026-03-29T13:20:22.946Z" },
    { url = "https://files.pythonhosted.org/packages/97/6a/7e345032cc60501721ef94e0e30b60f6b0bd601f9174ebd36389a2b86d40/numpy-2.4.4-cp313-cp313t-win_arm64.whl", hash = "sha256:0dfd3f9d3adbe2920b68b5cd3d51444e13a10792ec7154cd0a2f6e74d4ab3233", size = 10292002, upload-time = "2026-03-29T13:20:25.909Z" },
    { url = "https://files.pythonhosted.org/packages/6e/06/c54062f85f673dd5c04cbe2f14c3acb8c8b95e3384869bb8cc9bff8cb9df/numpy-2.4.4-cp314-cp314-macosx_10_15_x86_64.whl", hash = "sha256:f169b9a863d34f5d11b8698ead99febeaa17a13ca044961aa8e2662a6c7766a0", size = 16684353, upload-time = "2026-03-29T13:20:29.504Z" },
    { url = "https://files.pythonhosted.org/packages/4c/39/8a320264a84404c74cc7e79715de85d6130fa07a0898f67fb5cd5bd79908/numpy-2.4.4-cp314-cp314-macosx_11_0_arm64.whl", hash = "sha256:2483e4584a1cb3092da4470b38866634bafb223cbcd551ee047633fd2584599a", size = 14704914, upload-time = "2026-03-29T13:20:33.547Z" },
    { url = "https://files.pythonhosted.org/packages/91/fb/287076b2614e1d1044235f50f03748f31fa287e3dbe6abeb35cdfa351eca/numpy-2.4.4-cp314-cp314-macosx_14_0_arm64.whl", hash = "sha256:2d19e6e2095506d1736b7d80595e0f252d76b89f5e715c35e06e937679ea7d7a", size = 5210005, upload-time = "2026-03-29T13:20:36.45Z" },
    { url = "https://files.pythonhosted.org/packages/63/eb/fcc338595309910de6ecabfcef2419a9ce24399680bfb149421fa2df1280/numpy-2.4.4-cp314-cp314-macosx_14_0_x86_64.whl", hash = "sha256:6a246d5914aa1c820c9443ddcee9c02bec3e203b0c080349533fae17727dfd1b", size = 6544974, upload-time = "2026-03-29T13:20:39.014Z" },
    { url = "https://files.pythonhosted.org/packages/44/5d/e7e9044032a716cdfaa3fba27a8e874bf1c5f1912a1ddd4ed071bf8a14a6/numpy-2.4.4-cp314-cp314-manylinux_2_27_aarch64.manylinux_2_28_aarch64.whl", hash = "sha256:989824e9faf85f96ec9c7761cd8d29c531ad857bfa1daa930cba85baaecf1a9a", size = 15684591, upload-time = "2026-03-29T13:20:42.146Z" },
    { url = "https://files.pythonhosted.org/packages/98/7c/21252050676612625449b4807d6b695b9ce8a7c9e1c197ee6216c8a65c7c/numpy-2.4.4-cp314-cp314-manylinux_2_27_x86_64.manylinux_2_28_x86_64.whl", hash = "sha256:27a8d92cd10f1382a67d7cf4db7ce18341b66438bdd9f691d7b0e48d104c2a9d", size = 16637700, upload-time = "2026-03-29T13:20:46.204Z" },
    { url = "https://files.pythonhosted.org/packages/b1/29/56d2bbef9465db24ef25393383d761a1af4f446a1df9b8cded4fe3a5a5d7/numpy-2.4.4-cp314-cp314-musllinux_1_2_aarch64.whl", hash = "sha256:e44319a2953c738205bf3354537979eaa3998ed673395b964c1176083dd46252", size = 17035781, upload-time = "2026-03-29T13:20:50.242Z" },
    { url = "https://files.pythonhosted.org/packages/e3/2b/a35a6d7589d21f44cea7d0a98de5ddcbb3d421b2622a5c96b1edf18707c3/numpy-2.4.4-cp314-cp314-musllinux_1_2_x86_64.whl", hash = "sha256:e892aff75639bbef0d2a2cfd55535510df26ff92f63c92cd84ef8d4ba5a5557f", size = 18362959, upload-time = "2026-03-29T13:20:54.019Z" },
    { url = "https://files.pythonhosted.org/packages/64/c9/d52ec581f2390e0f5f85cbfd80fb83d965fc15e9f0e1aec2195faa142cde/numpy-2.4.4-cp314-cp314-win32.whl", hash = "sha256:1378871da56ca8943c2ba674530924bb8ca40cd228358a3b5f302ad60cf875fc", size = 6008768, upload-time = "2026-03-29T13:20:56.912Z" },
    { url = "https://files.pythonhosted.org/packages/fa/22/4cc31a62a6c7b74a8730e31a4274c5dc80e005751e277a2ce38e675e4923/numpy-2.4.4-cp314-cp314-win_amd64.whl", hash = "sha256:715d1c092715954784bc79e1174fc2a90093dc4dc84ea15eb14dad8abdcdeb74", size = 12449181, upload-time = "2026-03-29T13:20:59.548Z" },
    { url = "https://files.pythonhosted.org/packages/70/2e/14cda6f4d8e396c612d1bf97f22958e92148801d7e4f110cabebdc0eef4b/numpy-2.4.4-cp314-cp314-win_arm64.whl", hash = "sha256:2c194dd721e54ecad9ad387c1d35e63dce5c4450c6dc7dd5611283dda239aabb", size = 10496035, upload-time = "2026-03-29T13:21:02.524Z" },
    { url = "https://files.pythonhosted.org/packages/b1/e8/8fed8c8d848d7ecea092dc3469643f9d10bc3a134a815a3b033da1d2039b/numpy-2.4.4-cp314-cp314t-macosx_11_0_arm64.whl", hash = "sha256:2aa0613a5177c264ff5921051a5719d20095ea586ca88cc802c5c218d1c67d3e", size = 14824958, upload-time = "2026-03-29T13:21:05.671Z" },
    { url = "https://files.pythonhosted.org/packages/05/1a/d8007a5138c179c2bf33ef44503e83d70434d2642877ee8fbb230e7c0548/numpy-2.4.4-cp314-cp314t-macosx_14_0_arm64.whl", hash = "sha256:42c16925aa5a02362f986765f9ebabf20de75cdefdca827d14315c568dcab113", size = 5330020, upload-time = "2026-03-29T13:21:08.635Z" },
    { url = "https://files.pythonhosted.org/packages/99/64/ffb99ac6ae93faf117bcbd5c7ba48a7f45364a33e8e458545d3633615dda/numpy-2.4.4-cp314-cp314t-macosx_14_0_x86_64.whl", hash = "sha256:874f200b2a981c647340f841730fc3a2b54c9d940566a3c4149099591e2c4c3d", size = 6650758, upload-time = "2026-03-29T13:21:10.949Z" },
    { url = "https://files.pythonhosted.org/packages/6e/6e/795cc078b78a384052e73b2f6281ff7a700e9bf53bcce2ee579d4f6dd879/numpy-2.4.4-cp314-cp314t-manylinux_2_27_aarch64.manylinux_2_28_aarch64.whl", hash = "sha256:c9b39d38a9bd2ae1becd7eac1303d031c5c110ad31f2b319c6e7d98b135c934d", size = 15729948, upload-time = "2026-03-29T13:21:14.047Z" },
    { url = "https://files.pythonhosted.org/packages/5f/86/2acbda8cc2af5f3d7bfc791192863b9e3e19674da7b5e533fded124d1299/numpy-2.4.4-cp314-cp314t-manylinux_2_27_x86_64.manylinux_2_28_x86_64.whl", hash = "sha256:b268594bccac7d7cf5844c7732e3f20c50921d94e36d7ec9b79e9857694b1b2f", size = 16679325, upload-time = "2026-03-29T13:21:17.561Z" },
    { url = "https://files.pythonhosted.org/packages/bc/59/cafd83018f4aa55e0ac6fa92aa066c0a1877b77a615ceff1711c260ffae8/numpy-2.4.4-cp314-cp314t-musllinux_1_2_aarch64.whl", hash = "sha256:ac6b31e35612a26483e20750126d30d0941f949426974cace8e6b5c58a3657b0", size = 17084883, upload-time = "2026-03-29T13:21:21.106Z" },
    { url = "https://files.pythonhosted.org/packages/f0/85/a42548db84e65ece46ab2caea3d3f78b416a47af387fcbb47ec28e660dc2/numpy-2.4.4-cp314-cp314t-musllinux_1_2_x86_64.whl", hash = "sha256:8e3ed142f2728df44263aaf5fb1f5b0b99f4070c553a0d7f033be65338329150", size = 18403474, upload-time = "2026-03-29T13:21:24.828Z" },
    { url = "https://files.pythonhosted.org/packages/ed/ad/483d9e262f4b831000062e5d8a45e342166ec8aaa1195264982bca267e62/numpy-2.4.4-cp314-cp314t-win32.whl", hash = "sha256:dddbbd259598d7240b18c9d87c56a9d2fb3b02fe266f49a7c101532e78c1d871", size = 6155500, upload-time = "2026-03-29T13:21:28.205Z" },
    { url = "https://files.pythonhosted.org/packages/c7/03/2fc4e14c7bd4ff2964b74ba90ecb8552540b6315f201df70f137faa5c589/numpy-2.4.4-cp314-cp314t-win_amd64.whl", hash = "sha256:a7164afb23be6e37ad90b2f10426149fd75aee07ca55653d2aa41e66c4ef697e", size = 12637755, upload-time = "2026-03-29T13:21:31.107Z" },
    { url = "https://files.pythonhosted.org/packages/58/78/548fb8e07b1a341746bfbecb32f2c268470f45fa028aacdbd10d9bc73aab/numpy-2.4.4-cp314-cp314t-win_arm64.whl", hash = "sha256:ba203255017337d39f89bdd58417f03c4426f12beed0440cfd933cb15f8669c7", size = 10566643, upload-time = "2026-03-29T13:21:34.339Z" },
]

[[package]]
name = "python-dotenv"
version = "1.2.2"
source = { registry = "https://pypi.org/simple" }
sdist = { url = "https://files.pythonhosted.org/packages/82/ed/0301aeeac3e5353ef3d94b6ec08bbcabd04a72018415dcb29e588514bba8/python_dotenv-1.2.2.tar.gz", hash = "sha256:2c371a91fbd7ba082c2c1dc1f8bf89ca22564a087c2c287cd9b662adde799cf3", size = 50135, upload-time = "2026-03-01T16:00:26.196Z" }
wheels = [
    { url = "https://files.pythonhosted.org/packages/0b/d7/1959b9648791274998a9c3526f6d0ec8fd2233e4d4acce81bbae76b44b2a/python_dotenv-1.2.2-py3-none-any.whl", hash = "sha256:1d8214789a24de455a8b8bd8ae6fe3c6b69a5e3d64aa8a8e5d68e694bbcb285a", size = 22101, upload-time = "2026-03-01T16:00:25.09Z" },
]

[[package]]
name = "python-telegram-bot"
version = "22.7"
source = { registry = "https://pypi.org/simple" }
dependencies = [
    { name = "httpcore", marker = "python_full_version >= '3.14'" },
    { name = "httpx" },
]
sdist = { url = "https://files.pythonhosted.org/packages/e4/25/2258161b1069e66d6c39c0a602dbe57461d4767dc0012539970ea40bc9d6/python_telegram_bot-22.7.tar.gz", hash = "sha256:784b59ea3852fe4616ad63b4a0264c755637f5d725e87755ecdee28300febf61", size = 1516454, upload-time = "2026-03-16T09:36:03.174Z" }
wheels = [
    { url = "https://files.pythonhosted.org/packages/94/f7/0e2f89dd62f45d46d4ea0d8aec5893ce5b37389638db010c117f46f11450/python_telegram_bot-22.7-py3-none-any.whl", hash = "sha256:d72eed532cf763758cd9331b57a6d790aff0bb4d37d8f4e92149436fe21c6475", size = 745365, upload-time = "2026-03-16T09:36:01.498Z" },
]
